
Microsoft Visual Studio Solution File, Format Version 12.00
# Visual Studio 15
VisualStudioVersion = 15.0.26730.12
MinimumVisualStudioVersion = 10.0.40219.1
Project("{FAE04EC0-301F-11D3-BF4B-00C04F79EFBC}") = "GIV", "GIV\GIV.csproj", "{B3902879-C19B-44A4-9FEC-AD2185ED122F}"
EndProject
Global
	GlobalSection(SolutionConfigurationPlatforms) = preSolution
		Debug|Any CPU = Debug|Any CPU
		Release|Any CPU = Release|Any CPU
	EndGlobalSection
	GlobalSection(ProjectConfigurationPlatforms) = postSolution
		{B3902879-C19B-44A4-9FEC-AD2185ED122F}.Debug|Any CPU.ActiveCfg = Debug|Any CPU
		{B3902879-C19B-44A4-9FEC-AD2185ED122F}.Debug|Any CPU.Build.0 = Debug|Any CPU
		{B3902879-C19B-44A4-9FEC-AD2185ED122F}.Release|Any CPU.ActiveCfg = Release|Any CPU
		{B3902879-C19B-44A4-9FEC-AD2185ED122F}.Release|Any CPU.Build.0 = Release|Any CPU
	EndGlobalSection
	GlobalSection(SolutionProperties) = preSolution
		HideSolutionNode = FALSE
	EndGlobalSection
	GlobalSection(ExtensibilityGlobals) = postSolution
		SolutionGuid = {50E32830-E09E-4FE9-8D70-7D84724D2B4D}
	EndGlobalSection
EndGlobal
